
Microsoft Visual Studio Solution File, Format Version 12.00
# Visual Studio 15
VisualStudioVersion = 15.0.27428.2011
MinimumVisualStudioVersion = 10.0.40219.1
Project("{FAE04EC0-301F-11D3-BF4B-00C04F79EFBC}") = "HansPaperAnswer", "HansPaperAnswer\HansPaperAnswer.csproj", "{18411A43-1387-48D1-9312-E40796B1955A}"
EndProject
Global
	GlobalSection(SolutionConfigurationPlatforms) = preSolution
		Debug|Any CPU = Debug|Any CPU
		Release|Any CPU = Release|Any CPU
	EndGlobalSection
	GlobalSection(ProjectConfigurationPlatforms) = postSolution
		{18411A43-1387-48D1-9312-E40796B1955A}.Debug|Any CPU.ActiveCfg = Debug|Any CPU
		{18411A43-1387-48D1-9312-E40796B1955A}.Debug|Any CPU.Build.0 = Debug|Any CPU
		{18411A43-1387-48D1-9312-E40796B1955A}.Release|Any CPU.ActiveCfg = Release|Any CPU
		{18411A43-1387-48D1-9312-E40796B1955A}.Release|Any CPU.Build.0 = Release|Any CPU
	EndGlobalSection
	GlobalSection(SolutionProperties) = preSolution
		HideSolutionNode = FALSE
	EndGlobalSection
	GlobalSection(ExtensibilityGlobals) = postSolution
		SolutionGuid = {E72DF6DA-B459-4EFB-968D-D73E6FB68D80}
	EndGlobalSection
EndGlobal
